PODS:
  - Alamofire (5.4.4)
  - ObjectMapper (4.2.0)
  - RxCocoa (6.2.0):
    - RxRelay (= 6.2.0)
    - RxSwift (= 6.2.0)
  - RxOptional (5.0.2):
    - RxCocoa (~> 6.0)
    - RxSwift (~> 6.0)
  - RxRelay (6.2.0):
    - RxSwift (= 6.2.0)
  - RxSwift (6.2.0)
  - RxViewController (2.0.0):
    - RxCocoa (~> 6.0)
    - RxSwift (~> 6.0)
  - SnapKit (5.0.1)

DEPENDENCIES:
  - Alamofire
  - ObjectMapper
  - RxCocoa
  - RxOptional
  - RxRelay
  - RxSwift
  - RxViewController
  - SnapKit

SPEC REPOS:
  trunk:
    - Alamofire
    - ObjectMapper
    - RxCocoa
    - RxOptional
    - RxRelay
    - RxSwift
    - RxViewController
    - SnapKit

SPEC CHECKSUMS:
  Alamofire: f3b09a368f1582ab751b3fff5460276e0d2cf5c9
  ObjectMapper: 1eb41f610210777375fa806bf161dc39fb832b81
  RxCocoa: 4baf94bb35f2c0ab31bc0cb9f1900155f646ba42
  RxOptional: 3664964c96b69dd20c9cf78bdfe546615e26eca8
  RxRelay: e72dbfd157807478401ef1982e1c61c945c94b2f
  RxSwift: d356ab7bee873611322f134c5f9ef379fa183d8f
  RxViewController: 56486fa0afd629a1d6b5ba077f3b8cd9dc31b5d2
  SnapKit: 97b92857e3df3a0c71833cce143274bf6ef8e5eb

PODFILE CHECKSUM: 9771e9a14d0655b04aa4cda83c9c8220bb9f144c

COCOAPODS: 1.11.3
